
Microsoft Visual Studio Solution File, Format Version 12.00
# Visual Studio Version 17
VisualStudioVersion = 17.4.33205.214
MinimumVisualStudioVersion = 10.0.40219.1
Project("{9A19103F-16F7-4668-BE54-9A1E7A4F7556}") = "StudentApp.Api", "StudentApp.Api\StudentApp.Api.csproj", "{7D18FA35-C0BE-45CB-A165-25803649D887}"
EndProject
Project("{9A19103F-16F7-4668-BE54-9A1E7A4F7556}") = "StudentApp.Core", "StudentApp.Core\StudentApp.Core.csproj", "{4F6269CE-19D8-4FB1-B40D-820785A28D4D}"
EndProject
Project("{9A19103F-16F7-4668-BE54-9A1E7A4F7556}") = "StudentApp.Data", "StudentApp.Data\StudentApp.Data.csproj", "{F512CC3D-9318-4BEA-9E82-EF6263A27D77}"
EndProject
Project("{9A19103F-16F7-4668-BE54-9A1E7A4F7556}") = "StudentApp.Service", "StudentApp.Service\StudentApp.Service.csproj", "{B96A41F9-7D39-4F40-A568-06D1A983830F}"
EndProject
Project("{FAE04EC0-301F-11D3-BF4B-00C04F79EFBC}") = "StudentApp.UI", "StudentApp.UI\StudentApp.UI.csproj", "{4191FE91-F1A3-454B-8FD8-74498CB23E99}"
EndProject
Global
	GlobalSection(SolutionConfigurationPlatforms) = preSolution
		Debug|Any CPU = Debug|Any CPU
		Release|Any CPU = Release|Any CPU
	EndGlobalSection
	GlobalSection(ProjectConfigurationPlatforms) = postSolution
		{7D18FA35-C0BE-45CB-A165-25803649D887}.Debug|Any CPU.ActiveCfg = Debug|Any CPU
		{7D18FA35-C0BE-45CB-A165-25803649D887}.Debug|Any CPU.Build.0 = Debug|Any CPU
		{7D18FA35-C0BE-45CB-A165-25803649D887}.Release|Any CPU.ActiveCfg = Release|Any CPU
		{7D18FA35-C0BE-45CB-A165-25803649D887}.Release|Any CPU.Build.0 = Release|Any CPU
		{4F6269CE-19D8-4FB1-B40D-820785A28D4D}.Debug|Any CPU.ActiveCfg = Debug|Any CPU
		{4F6269CE-19D8-4FB1-B40D-820785A28D4D}.Debug|Any CPU.Build.0 = Debug|Any CPU
		{4F6269CE-19D8-4FB1-B40D-820785A28D4D}.Release|Any CPU.ActiveCfg = Release|Any CPU
		{4F6269CE-19D8-4FB1-B40D-820785A28D4D}.Release|Any CPU.Build.0 = Release|Any CPU
		{F512CC3D-9318-4BEA-9E82-EF6263A27D77}.Debug|Any CPU.ActiveCfg = Debug|Any CPU
		{F512CC3D-9318-4BEA-9E82-EF6263A27D77}.Debug|Any CPU.Build.0 = Debug|Any CPU
		{F512CC3D-9318-4BEA-9E82-EF6263A27D77}.Release|Any CPU.ActiveCfg = Release|Any CPU
		{F512CC3D-9318-4BEA-9E82-EF6263A27D77}.Release|Any CPU.Build.0 = Release|Any CPU
		{B96A41F9-7D39-4F40-A568-06D1A983830F}.Debug|Any CPU.ActiveCfg = Debug|Any CPU
		{B96A41F9-7D39-4F40-A568-06D1A983830F}.Debug|Any CPU.Build.0 = Debug|Any CPU
		{B96A41F9-7D39-4F40-A568-06D1A983830F}.Release|Any CPU.ActiveCfg = Release|Any CPU
		{B96A41F9-7D39-4F40-A568-06D1A983830F}.Release|Any CPU.Build.0 = Release|Any CPU
		{4191FE91-F1A3-454B-8FD8-74498CB23E99}.Debug|Any CPU.ActiveCfg = Debug|Any CPU
		{4191FE91-F1A3-454B-8FD8-74498CB23E99}.Debug|Any CPU.Build.0 = Debug|Any CPU
		{4191FE91-F1A3-454B-8FD8-74498CB23E99}.Release|Any CPU.ActiveCfg = Release|Any CPU
		{4191FE91-F1A3-454B-8FD8-74498CB23E99}.Release|Any CPU.Build.0 = Release|Any CPU
	EndGlobalSection
	GlobalSection(SolutionProperties) = preSolution
		HideSolutionNode = FALSE
	EndGlobalSection
	GlobalSection(ExtensibilityGlobals) = postSolution
		SolutionGuid = {87737535-DC2D-457E-96D4-F2D75A0766AE}
	EndGlobalSection
EndGlobal
